
Microsoft Visual Studio Solution File, Format Version 12.00
# Visual Studio Version 17
VisualStudioVersion = 17.13.35913.81 d17.13
MinimumVisualStudioVersion = 10.0.40219.1
Project("{FAE04EC0-301F-11D3-BF4B-00C04F79EFBC}") = "AdamantineBank", "AdamantineBank\AdamantineBank.csproj", "{68C386CD-EFB2-4B4D-8695-A8F6387A1644}"
EndProject
Project("{FAE04EC0-301F-11D3-BF4B-00C04F79EFBC}") = "Engine", "Engine\Engine.csproj", "{66A10C42-307C-4730-8862-146BB10AFF29}"
EndProject
Global
	GlobalSection(SolutionConfigurationPlatforms) = preSolution
		Debug|Any CPU = Debug|Any CPU
		Release|Any CPU = Release|Any CPU
	EndGlobalSection
	GlobalSection(ProjectConfigurationPlatforms) = postSolution
		{68C386CD-EFB2-4B4D-8695-A8F6387A1644}.Debug|Any CPU.ActiveCfg = Debug|Any CPU
		{68C386CD-EFB2-4B4D-8695-A8F6387A1644}.Debug|Any CPU.Build.0 = Debug|Any CPU
		{68C386CD-EFB2-4B4D-8695-A8F6387A1644}.Release|Any CPU.ActiveCfg = Release|Any CPU
		{68C386CD-EFB2-4B4D-8695-A8F6387A1644}.Release|Any CPU.Build.0 = Release|Any CPU
		{66A10C42-307C-4730-8862-146BB10AFF29}.Debug|Any CPU.ActiveCfg = Debug|Any CPU
		{66A10C42-307C-4730-8862-146BB10AFF29}.Debug|Any CPU.Build.0 = Debug|Any CPU
		{66A10C42-307C-4730-8862-146BB10AFF29}.Release|Any CPU.ActiveCfg = Release|Any CPU
		{66A10C42-307C-4730-8862-146BB10AFF29}.Release|Any CPU.Build.0 = Release|Any CPU
	EndGlobalSection
	GlobalSection(SolutionProperties) = preSolution
		HideSolutionNode = FALSE
	EndGlobalSection
	GlobalSection(ExtensibilityGlobals) = postSolution
		SolutionGuid = {A1BAFD0B-EB71-4EE0-953A-4206A8ED446C}
	EndGlobalSection
EndGlobal
